// !$*UTF8*$!
{
	archiveVersion = 1;
	classes = {
	};
	objectVersion = 50;
	objects = {

/* Begin PBXBuildFile section */
		05012132265F37FC00B3B8F8 /* NaZdrowieApp.swift in Sources */ = {isa = PBXBuildFile; fileRef = 05012131265F37FC00B3B8F8 /* NaZdrowieApp.swift */; };
		05012134265F37FC00B3B8F8 /* GameView.swift in Sources */ = {isa = PBXBuildFile; fileRef = 05012133265F37FC00B3B8F8 /* GameView.swift */; };
		05012139265F37FD00B3B8F8 /* Preview Assets.xcassets in Resources */ = {isa = PBXBuildFile; fileRef = 05012138265F37FD00B3B8F8 /* Preview Assets.xcassets */; };
		05012144265F37FE00B3B8F8 /* NaZdrowieTests.swift in Sources */ = {isa = PBXBuildFile; fileRef = 05012143265F37FE00B3B8F8 /* NaZdrowieTests.swift */; };
		0501214F265F37FE00B3B8F8 /* NaZdrowieUITests.swift in Sources */ = {isa = PBXBuildFile; fileRef = 0501214E265F37FE00B3B8F8 /* NaZdrowieUITests.swift */; };
		051FF21626AA23F600CFB6DF /* ContentView.swift in Sources */ = {isa = PBXBuildFile; fileRef = 051FF21526AA23F600CFB6DF /* ContentView.swift */; };
		059D0D402661C79200161C54 /* GameSelect.swift in Sources */ = {isa = PBXBuildFile; fileRef = 059D0D3F2661C79200161C54 /* GameSelect.swift */; };
		05DA3813265F3E380018EED8 /* Card.swift in Sources */ = {isa = PBXBuildFile; fileRef = 05DA3812265F3E380018EED8 /* Card.swift */; };
		05DA3815265F3E560018EED8 /* CardView.swift in Sources */ = {isa = PBXBuildFile; fileRef = 05DA3814265F3E560018EED8 /* CardView.swift */; };
		05E58CC5266702880050A8C8 /* Rules.swift in Sources */ = {isa = PBXBuildFile; fileRef = 05E58CC4266702880050A8C8 /* Rules.swift */; };
		05E58CC7266702EB0050A8C8 /* RulesView.swift in Sources */ = {isa = PBXBuildFile; fileRef = 05E58CC6266702EB0050A8C8 /* RulesView.swift */; };
		05E58CC926670B0A0050A8C8 /* RulesList.swift in Sources */ = {isa = PBXBuildFile; fileRef = 05E58CC826670B0A0050A8C8 /* RulesList.swift */; };
		2E485A9226BC9E3F00D4CE0B /* InputNames.storyboard in Resources */ = {isa = PBXBuildFile; fileRef = 2E485A9126BC9E3F00D4CE0B /* InputNames.storyboard */; };
		2E485A9426BCA78C00D4CE0B /* InputNamesController.swift in Sources */ = {isa = PBXBuildFile; fileRef = 2E485A9326BCA78C00D4CE0B /* InputNamesController.swift */; };
		E0D4779F26CB924E00AF17F2 /* CustomGameView.swift in Sources */ = {isa = PBXBuildFile; fileRef = E0D4779E26CB924E00AF17F2 /* CustomGameView.swift */; };
		E0D477A126CB933700AF17F2 /* EditCustom.swift in Sources */ = {isa = PBXBuildFile; fileRef = E0D477A026CB933700AF17F2 /* EditCustom.swift */; };
/* End PBXBuildFile section */

/* Begin PBXContainerItemProxy section */
		05012140265F37FE00B3B8F8 /* PBXContainerItemProxy */ = {
			isa = PBXContainerItemProxy;
			containerPortal = 05012126265F37FC00B3B8F8 /* Project object */;
			proxyType = 1;
			remoteGlobalIDString = 0501212D265F37FC00B3B8F8;
			remoteInfo = "Na zdrowie";
		};
		0501214B265F37FE00B3B8F8 /* PBXContainerItemProxy */ = {
			isa = PBXContainerItemProxy;
			containerPortal = 05012126265F37FC00B3B8F8 /* Project object */;
			proxyType = 1;
			remoteGlobalIDString = 0501212D265F37FC00B3B8F8;
			remoteInfo = "Na zdrowie";
		};
/* End PBXContainerItemProxy section */

/* Begin PBXFileReference section */
		0501212E265F37FC00B3B8F8 /* NaZdrowie.app */ = {isa = PBXFileReference; explicitFileType = wrapper.application; includeInIndex = 0; path = NaZdrowie.app; sourceTree = BUILT_PRODUCTS_DIR; };
		05012131265F37FC00B3B8F8 /* NaZdrowieApp.swift */ = {isa = PBXFileReference; lastKnownFileType = sourcecode.swift; path = NaZdrowieApp.swift; sourceTree = "<group>"; };
		05012133265F37FC00B3B8F8 /* GameView.swift */ = {isa = PBXFileReference; lastKnownFileType = sourcecode.swift; path = GameView.swift; sourceTree = "<group>"; };
		05012138265F37FD00B3B8F8 /* Preview Assets.xcassets */ = {isa = PBXFileReference; lastKnownFileType = folder.assetcatalog; path = "Preview Assets.xcassets"; sourceTree = "<group>"; };
		0501213A265F37FD00B3B8F8 /* Info.plist */ = {isa = PBXFileReference; lastKnownFileType = text.plist.xml; path = Info.plist; sourceTree = "<group>"; };
		0501213F265F37FE00B3B8F8 /* NaZdrowieTests.xctest */ = {isa = PBXFileReference; explicitFileType = wrapper.cfbundle; includeInIndex = 0; path = NaZdrowieTests.xctest; sourceTree = BUILT_PRODUCTS_DIR; };
		05012143265F37FE00B3B8F8 /* NaZdrowieTests.swift */ = {isa = PBXFileReference; lastKnownFileType = sourcecode.swift; path = NaZdrowieTests.swift; sourceTree = "<group>"; };
		05012145265F37FE00B3B8F8 /* Info.plist */ = {isa = PBXFileReference; lastKnownFileType = text.plist.xml; path = Info.plist; sourceTree = "<group>"; };
		0501214A265F37FE00B3B8F8 /* NaZdrowieUITests.xctest */ = {isa = PBXFileReference; explicitFileType = wrapper.cfbundle; includeInIndex = 0; path = NaZdrowieUITests.xctest; sourceTree = BUILT_PRODUCTS_DIR; };
		0501214E265F37FE00B3B8F8 /* NaZdrowieUITests.swift */ = {isa = PBXFileReference; lastKnownFileType = sourcecode.swift; path = NaZdrowieUITests.swift; sourceTree = "<group>"; };
		05012150265F37FE00B3B8F8 /* Info.plist */ = {isa = PBXFileReference; lastKnownFileType = text.plist.xml; path = Info.plist; sourceTree = "<group>"; };
		051FF21526AA23F600CFB6DF /* ContentView.swift */ = {isa = PBXFileReference; fileEncoding = 4; lastKnownFileType = sourcecode.swift; path = ContentView.swift; sourceTree = "<group>"; };
		059D0D3F2661C79200161C54 /* GameSelect.swift */ = {isa = PBXFileReference; lastKnownFileType = sourcecode.swift; path = GameSelect.swift; sourceTree = "<group>"; };
		05DA3812265F3E380018EED8 /* Card.swift */ = {isa = PBXFileReference; lastKnownFileType = sourcecode.swift; path = Card.swift; sourceTree = "<group>"; };
		05DA3814265F3E560018EED8 /* CardView.swift */ = {isa = PBXFileReference; lastKnownFileType = sourcecode.swift; path = CardView.swift; sourceTree = "<group>"; };
		05E58CC4266702880050A8C8 /* Rules.swift */ = {isa = PBXFileReference; lastKnownFileType = sourcecode.swift; path = Rules.swift; sourceTree = "<group>"; };
		05E58CC6266702EB0050A8C8 /* RulesView.swift */ = {isa = PBXFileReference; lastKnownFileType = sourcecode.swift; path = RulesView.swift; sourceTree = "<group>"; };
		05E58CC826670B0A0050A8C8 /* RulesList.swift */ = {isa = PBXFileReference; lastKnownFileType = sourcecode.swift; path = RulesList.swift; sourceTree = "<group>"; };
		2E485A9126BC9E3F00D4CE0B /* InputNames.storyboard */ = {isa = PBXFileReference; lastKnownFileType = file.storyboard; path = InputNames.storyboard; sourceTree = "<group>"; };
		2E485A9326BCA78C00D4CE0B /* InputNamesController.swift */ = {isa = PBXFileReference; lastKnownFileType = sourcecode.swift; path = InputNamesController.swift; sourceTree = "<group>"; };
		CB55412F26C8D298001BD62F /* Assets.xcassets */ = {isa = PBXFileReference; lastKnownFileType = folder.assetcatalog; name = Assets.xcassets; path = "/Users/jakubsawicki/Desktop/GitHub/JJLM-345/NaZdrowie/NaZdrowie/Assets.xcassets"; sourceTree = "<absolute>"; };
		CB55413026C8D29B001BD62F /* Main App Storyboard.storyboard */ = {isa = PBXFileReference; lastKnownFileType = file.storyboard; name = "Main App Storyboard.storyboard"; path = "/Users/jakubsawicki/Desktop/GitHub/JJLM-345/NaZdrowie/NaZdrowie/Main App Storyboard.storyboard"; sourceTree = "<absolute>"; };
		E0D4779E26CB924E00AF17F2 /* CustomGameView.swift */ = {isa = PBXFileReference; lastKnownFileType = sourcecode.swift; name = CustomGameView.swift; path = "/Users/MattsMac/Desktop/JJLM-345/NaZdrowie/NaZdrowie/CustomGameView.swift"; sourceTree = "<absolute>"; };
		E0D477A026CB933700AF17F2 /* EditCustom.swift */ = {isa = PBXFileReference; lastKnownFileType = sourcecode.swift; path = EditCustom.swift; sourceTree = "<group>"; };
/* End PBXFileReference section */

/* Begin PBXFrameworksBuildPhase section */
		0501212B265F37FC00B3B8F8 /* Frameworks */ = {
			isa = PBXFrameworksBuildPhase;
			buildActionMask = 2147483647;
			files = (
			);
			runOnlyForDeploymentPostprocessing = 0;
		};
		0501213C265F37FE00B3B8F8 /* Frameworks */ = {
			isa = PBXFrameworksBuildPhase;
			buildActionMask = 2147483647;
			files = (
			);
			runOnlyForDeploymentPostprocessing = 0;
		};
		05012147265F37FE00B3B8F8 /* Frameworks */ = {
			isa = PBXFrameworksBuildPhase;
			buildActionMask = 2147483647;
			files = (
			);
			runOnlyForDeploymentPostprocessing = 0;
		};
/* End PBXFrameworksBuildPhase section */

/* Begin PBXGroup section */
		05012125265F37FC00B3B8F8 = {
			isa = PBXGroup;
			children = (
				05012130265F37FC00B3B8F8 /* NaZdrowie */,
				05012142265F37FE00B3B8F8 /* NaZdrowieTests */,
				0501214D265F37FE00B3B8F8 /* NaZdrowieUITests */,
				0501212F265F37FC00B3B8F8 /* Products */,
			);
			sourceTree = "<group>";
		};
		0501212F265F37FC00B3B8F8 /* Products */ = {
			isa = PBXGroup;
			children = (
				0501212E265F37FC00B3B8F8 /* NaZdrowie.app */,
				0501213F265F37FE00B3B8F8 /* NaZdrowieTests.xctest */,
				0501214A265F37FE00B3B8F8 /* NaZdrowieUITests.xctest */,
			);
			name = Products;
			sourceTree = "<group>";
		};
		05012130265F37FC00B3B8F8 /* NaZdrowie */ = {
			isa = PBXGroup;
			children = (
				05012131265F37FC00B3B8F8 /* NaZdrowieApp.swift */,
				05012133265F37FC00B3B8F8 /* GameView.swift */,
				05DA3812265F3E380018EED8 /* Card.swift */,
				CB55412F26C8D298001BD62F /* Assets.xcassets */,
				05E58CC4266702880050A8C8 /* Rules.swift */,
				E0D4779E26CB924E00AF17F2 /* CustomGameView.swift */,
				051FF21526AA23F600CFB6DF /* ContentView.swift */,
				05E58CC6266702EB0050A8C8 /* RulesView.swift */,
				CB55413026C8D29B001BD62F /* Main App Storyboard.storyboard */,
				2E485A9126BC9E3F00D4CE0B /* InputNames.storyboard */,
				2E485A9326BCA78C00D4CE0B /* InputNamesController.swift */,
				E0D477A026CB933700AF17F2 /* EditCustom.swift */,
				05E58CC826670B0A0050A8C8 /* RulesList.swift */,
				059D0D3F2661C79200161C54 /* GameSelect.swift */,
				05DA3814265F3E560018EED8 /* CardView.swift */,
				0501213A265F37FD00B3B8F8 /* Info.plist */,
				05012137265F37FD00B3B8F8 /* Preview Content */,
			);
			path = NaZdrowie;
			sourceTree = "<group>";
		};
		05012137265F37FD00B3B8F8 /* Preview Content */ = {
			isa = PBXGroup;
			children = (
				05012138265F37FD00B3B8F8 /* Preview Assets.xcassets */,
			);
			path = "Preview Content";
			sourceTree = "<group>";
		};
		05012142265F37FE00B3B8F8 /* NaZdrowieTests */ = {
			isa = PBXGroup;
			children = (
				05012143265F37FE00B3B8F8 /* NaZdrowieTests.swift */,
				05012145265F37FE00B3B8F8 /* Info.plist */,
			);
			path = NaZdrowieTests;
			sourceTree = "<group>";
		};
		0501214D265F37FE00B3B8F8 /* NaZdrowieUITests */ = {
			isa = PBXGroup;
			children = (
				0501214E265F37FE00B3B8F8 /* NaZdrowieUITests.swift */,
				05012150265F37FE00B3B8F8 /* Info.plist */,
			);
			path = NaZdrowieUITests;
			sourceTree = "<group>";
		};
/* End PBXGroup section */

/* Begin PBXNativeTarget section */
		0501212D265F37FC00B3B8F8 /* NaZdrowie */ = {
			isa = PBXNativeTarget;
			buildConfigurationList = 05012153265F37FE00B3B8F8 /* Build configuration list for PBXNativeTarget "NaZdrowie" */;
			buildPhases = (
				0501212A265F37FC00B3B8F8 /* Sources */,
				0501212B265F37FC00B3B8F8 /* Frameworks */,
				0501212C265F37FC00B3B8F8 /* Resources */,
			);
			buildRules = (
			);
			dependencies = (
			);
			name = NaZdrowie;
			productName = "Na zdrowie";
			productReference = 0501212E265F37FC00B3B8F8 /* NaZdrowie.app */;
			productType = "com.apple.product-type.application";
		};
		0501213E265F37FE00B3B8F8 /* NaZdrowieTests */ = {
			isa = PBXNativeTarget;
			buildConfigurationList = 05012156265F37FE00B3B8F8 /* Build configuration list for PBXNativeTarget "NaZdrowieTests" */;
			buildPhases = (
				0501213B265F37FE00B3B8F8 /* Sources */,
				0501213C265F37FE00B3B8F8 /* Frameworks */,
				0501213D265F37FE00B3B8F8 /* Resources */,
			);
			buildRules = (
			);
			dependencies = (
				05012141265F37FE00B3B8F8 /* PBXTargetDependency */,
			);
			name = NaZdrowieTests;
			productName = "Na zdrowieTests";
			productReference = 0501213F265F37FE00B3B8F8 /* NaZdrowieTests.xctest */;
			productType = "com.apple.product-type.bundle.unit-test";
		};
		05012149265F37FE00B3B8F8 /* NaZdrowieUITests */ = {
			isa = PBXNativeTarget;
			buildConfigurationList = 05012159265F37FE00B3B8F8 /* Build configuration list for PBXNativeTarget "NaZdrowieUITests" */;
			buildPhases = (
				05012146265F37FE00B3B8F8 /* Sources */,
				05012147265F37FE00B3B8F8 /* Frameworks */,
				05012148265F37FE00B3B8F8 /* Resources */,
			);
			buildRules = (
			);
			dependencies = (
				0501214C265F37FE00B3B8F8 /* PBXTargetDependency */,
			);
			name = NaZdrowieUITests;
			productName = "Na zdrowieUITests";
			productReference = 0501214A265F37FE00B3B8F8 /* NaZdrowieUITests.xctest */;
			productType = "com.apple.product-type.bundle.ui-testing";
		};
/* End PBXNativeTarget section */

/* Begin PBXProject section */
		05012126265F37FC00B3B8F8 /* Project object */ = {
			isa = PBXProject;
			attributes = {
				LastSwiftUpdateCheck = 1250;
				LastUpgradeCheck = 1250;
				TargetAttributes = {
					0501212D265F37FC00B3B8F8 = {
						CreatedOnToolsVersion = 12.5;
					};
					0501213E265F37FE00B3B8F8 = {
						CreatedOnToolsVersion = 12.5;
						TestTargetID = 0501212D265F37FC00B3B8F8;
					};
					05012149265F37FE00B3B8F8 = {
						CreatedOnToolsVersion = 12.5;
						TestTargetID = 0501212D265F37FC00B3B8F8;
					};
				};
			};
			buildConfigurationList = 05012129265F37FC00B3B8F8 /* Build configuration list for PBXProject "NaZdrowie" */;
			compatibilityVersion = "Xcode 9.3";
			developmentRegion = en;
			hasScannedForEncodings = 0;
			knownRegions = (
				en,
				Base,
			);
			mainGroup = 05012125265F37FC00B3B8F8;
			productRefGroup = 0501212F265F37FC00B3B8F8 /* Products */;
			projectDirPath = "";
			projectRoot = "";
			targets = (
				0501212D265F37FC00B3B8F8 /* NaZdrowie */,
				0501213E265F37FE00B3B8F8 /* NaZdrowieTests */,
				05012149265F37FE00B3B8F8 /* NaZdrowieUITests */,
			);
		};
/* End PBXProject section */

/* Begin PBXResourcesBuildPhase section */
		0501212C265F37FC00B3B8F8 /* Resources */ = {
			isa = PBXResourcesBuildPhase;
			buildActionMask = 2147483647;
			files = (
				2E485A9226BC9E3F00D4CE0B /* InputNames.storyboard in Resources */,
				05012139265F37FD00B3B8F8 /* Preview Assets.xcassets in Resources */,
			);
			runOnlyForDeploymentPostprocessing = 0;
		};
		0501213D265F37FE00B3B8F8 /* Resources */ = {
			isa = PBXResourcesBuildPhase;
			buildActionMask = 2147483647;
			files = (
			);
			runOnlyForDeploymentPostprocessing = 0;
		};
		05012148265F37FE00B3B8F8 /* Resources */ = {
			isa = PBXResourcesBuildPhase;
			buildActionMask = 2147483647;
			files = (
			);
			runOnlyForDeploymentPostprocessing = 0;
		};
/* End PBXResourcesBuildPhase section */

/* Begin PBXSourcesBuildPhase section */
		0501212A265F37FC00B3B8F8 /* Sources */ = {
			isa = PBXSourcesBuildPhase;
			buildActionMask = 2147483647;
			files = (
				05E58CC7266702EB0050A8C8 /* RulesView.swift in Sources */,
				05012134265F37FC00B3B8F8 /* GameView.swift in Sources */,
				05DA3813265F3E380018EED8 /* Card.swift in Sources */,
				2E485A9426BCA78C00D4CE0B /* InputNamesController.swift in Sources */,
				05DA3815265F3E560018EED8 /* CardView.swift in Sources */,
				05012132265F37FC00B3B8F8 /* NaZdrowieApp.swift in Sources */,
				E0D477A126CB933700AF17F2 /* EditCustom.swift in Sources */,
				051FF21626AA23F600CFB6DF /* ContentView.swift in Sources */,
				05E58CC5266702880050A8C8 /* Rules.swift in Sources */,
				05E58CC926670B0A0050A8C8 /* RulesList.swift in Sources */,
				059D0D402661C79200161C54 /* GameSelect.swift in Sources */,
				E0D4779F26CB924E00AF17F2 /* CustomGameView.swift in Sources */,
			);
			runOnlyForDeploymentPostprocessing = 0;
		};
		0501213B265F37FE00B3B8F8 /* Sources */ = {
			isa = PBXSourcesBuildPhase;
			buildActionMask = 2147483647;
			files = (
				05012144265F37FE00B3B8F8 /* NaZdrowieTests.swift in Sources */,
			);
			runOnlyForDeploymentPostprocessing = 0;
		};
		05012146265F37FE00B3B8F8 /* Sources */ = {
			isa = PBXSourcesBuildPhase;
			buildActionMask = 2147483647;
			files = (
				0501214F265F37FE00B3B8F8 /* NaZdrowieUITests.swift in Sources */,
			);
			runOnlyForDeploymentPostprocessing = 0;
		};
/* End PBXSourcesBuildPhase section */

/* Begin PBXTargetDependency section */
		05012141265F37FE00B3B8F8 /* PBXTargetDependency */ = {
			isa = PBXTargetDependency;
			target = 0501212D265F37FC00B3B8F8 /* NaZdrowie */;
			targetProxy = 05012140265F37FE00B3B8F8 /* PBXContainerItemProxy */;
		};
		0501214C265F37FE00B3B8F8 /* PBXTargetDependency */ = {
			isa = PBXTargetDependency;
			target = 0501212D265F37FC00B3B8F8 /* NaZdrowie */;
			targetProxy = 0501214B265F37FE00B3B8F8 /* PBXContainerItemProxy */;
		};
/* End PBXTargetDependency section */

/* Begin XCBuildConfiguration section */
		05012151265F37FE00B3B8F8 /* Debug */ = {
			isa = XCBuildConfiguration;
			buildSettings = {
				ALWAYS_SEARCH_USER_PATHS = NO;
				CLANG_ANALYZER_NONNULL = YES;
				CLANG_ANALYZER_NUMBER_OBJECT_CONVERSION = YES_AGGRESSIVE;
				CLANG_CXX_LANGUAGE_STANDARD = "gnu++14";
				CLANG_CXX_LIBRARY = "libc++";
				CLANG_ENABLE_MODULES = YES;
				CLANG_ENABLE_OBJC_ARC = YES;
				CLANG_ENABLE_OBJC_WEAK = YES;
				CLANG_WARN_BLOCK_CAPTURE_AUTORELEASING = YES;
				CLANG_WARN_BOOL_CONVERSION = YES;
				CLANG_WARN_COMMA = YES;
				CLANG_WARN_CONSTANT_CONVERSION = YES;
				CLANG_WARN_DEPRECATED_OBJC_IMPLEMENTATIONS = YES;
				CLANG_WARN_DIRECT_OBJC_ISA_USAGE = YES_ERROR;
				CLANG_WARN_DOCUMENTATION_COMMENTS = YES;
				CLANG_WARN_EMPTY_BODY = YES;
				CLANG_WARN_ENUM_CONVERSION = YES;
				CLANG_WARN_INFINITE_RECURSION = YES;
				CLANG_WARN_INT_CONVERSION = YES;
				CLANG_WARN_NON_LITERAL_NULL_CONVERSION = YES;
				CLANG_WARN_OBJC_IMPLICIT_RETAIN_SELF = YES;
				CLANG_WARN_OBJC_LITERAL_CONVERSION = YES;
				CLANG_WARN_OBJC_ROOT_CLASS = YES_ERROR;
				CLANG_WARN_QUOTED_INCLUDE_IN_FRAMEWORK_HEADER = YES;
				CLANG_WARN_RANGE_LOOP_ANALYSIS = YES;
				CLANG_WARN_STRICT_PROTOTYPES = YES;
				CLANG_WARN_SUSPICIOUS_MOVE = YES;
				CLANG_WARN_UNGUARDED_AVAILABILITY = YES_AGGRESSIVE;
				CLANG_WARN_UNREACHABLE_CODE = YES;
				CLANG_WARN__DUPLICATE_METHOD_MATCH = YES;
				COPY_PHASE_STRIP = NO;
				DEBUG_INFORMATION_FORMAT = dwarf;
				ENABLE_STRICT_OBJC_MSGSEND = YES;
				ENABLE_TESTABILITY = YES;
				GCC_C_LANGUAGE_STANDARD = gnu11;
				GCC_DYNAMIC_NO_PIC = NO;
				GCC_NO_COMMON_BLOCKS = YES;
				GCC_OPTIMIZATION_LEVEL = 0;
				GCC_PREPROCESSOR_DEFINITIONS = (
					"DEBUG=1",
					"$(inherited)",
				);
				GCC_WARN_64_TO_32_BIT_CONVERSION = YES;
				GCC_WARN_ABOUT_RETURN_TYPE = YES_ERROR;
				GCC_WARN_UNDECLARED_SELECTOR = YES;
				GCC_WARN_UNINITIALIZED_AUTOS = YES_AGGRESSIVE;
				GCC_WARN_UNUSED_FUNCTION = YES;
				GCC_WARN_UNUSED_VARIABLE = YES;
				IPHONEOS_DEPLOYMENT_TARGET = 14.5;
				MTL_ENABLE_DEBUG_INFO = INCLUDE_SOURCE;
				MTL_FAST_MATH = YES;
				ONLY_ACTIVE_ARCH = YES;
				SDKROOT = iphoneos;
				SWIFT_ACTIVE_COMPILATION_CONDITIONS = DEBUG;
				SWIFT_OPTIMIZATION_LEVEL = "-Onone";
			};
			name = Debug;
		};
		05012152265F37FE00B3B8F8 /* Release */ = {
			isa = XCBuildConfiguration;
			buildSettings = {
				ALWAYS_SEARCH_USER_PATHS = NO;
				CLANG_ANALYZER_NONNULL = YES;
				CLANG_ANALYZER_NUMBER_OBJECT_CONVERSION = YES_AGGRESSIVE;
				CLANG_CXX_LANGUAGE_STANDARD = "gnu++14";
				CLANG_CXX_LIBRARY = "libc++";
				CLANG_ENABLE_MODULES = YES;
				CLANG_ENABLE_OBJC_ARC = YES;
				CLANG_ENABLE_OBJC_WEAK = YES;
				CLANG_WARN_BLOCK_CAPTURE_AUTORELEASING = YES;
				CLANG_WARN_BOOL_CONVERSION = YES;
				CLANG_WARN_COMMA = YES;
				CLANG_WARN_CONSTANT_CONVERSION = YES;
				CLANG_WARN_DEPRECATED_OBJC_IMPLEMENTATIONS = YES;
				CLANG_WARN_DIRECT_OBJC_ISA_USAGE = YES_ERROR;
				CLANG_WARN_DOCUMENTATION_COMMENTS = YES;
				CLANG_WARN_EMPTY_BODY = YES;
				CLANG_WARN_ENUM_CONVERSION = YES;
				CLANG_WARN_INFINITE_RECURSION = YES;
				CLANG_WARN_INT_CONVERSION = YES;
				CLANG_WARN_NON_LITERAL_NULL_CONVERSION = YES;
				CLANG_WARN_OBJC_IMPLICIT_RETAIN_SELF = YES;
				CLANG_WARN_OBJC_LITERAL_CONVERSION = YES;
				CLANG_WARN_OBJC_ROOT_CLASS = YES_ERROR;
				CLANG_WARN_QUOTED_INCLUDE_IN_FRAMEWORK_HEADER = YES;
				CLANG_WARN_RANGE_LOOP_ANALYSIS = YES;
				CLANG_WARN_STRICT_PROTOTYPES = YES;
				CLANG_WARN_SUSPICIOUS_MOVE = YES;
				CLANG_WARN_UNGUARDED_AVAILABILITY = YES_AGGRESSIVE;
				CLANG_WARN_UNREACHABLE_CODE = YES;
				CLANG_WARN__DUPLICATE_METHOD_MATCH = YES;
				COPY_PHASE_STRIP = NO;
				DEBUG_INFORMATION_FORMAT = "dwarf-with-dsym";
				ENABLE_NS_ASSERTIONS = NO;
				ENABLE_STRICT_OBJC_MSGSEND = YES;
				GCC_C_LANGUAGE_STANDARD = gnu11;
				GCC_NO_COMMON_BLOCKS = YES;
				GCC_WARN_64_TO_32_BIT_CONVERSION = YES;
				GCC_WARN_ABOUT_RETURN_TYPE = YES_ERROR;
				GCC_WARN_UNDECLARED_SELECTOR = YES;
				GCC_WARN_UNINITIALIZED_AUTOS = YES_AGGRESSIVE;
				GCC_WARN_UNUSED_FUNCTION = YES;
				GCC_WARN_UNUSED_VARIABLE = YES;
				IPHONEOS_DEPLOYMENT_TARGET = 14.5;
				MTL_ENABLE_DEBUG_INFO = NO;
				MTL_FAST_MATH = YES;
				SDKROOT = iphoneos;
				SWIFT_COMPILATION_MODE = wholemodule;
				SWIFT_OPTIMIZATION_LEVEL = "-O";
				VALIDATE_PRODUCT = YES;
			};
			name = Release;
		};
		05012154265F37FE00B3B8F8 /* Debug */ = {
			isa = XCBuildConfiguration;
			buildSettings = {
				ASSETCATALOG_COMPILER_APPICON_NAME = AppIcon;
				ASSETCATALOG_COMPILER_GLOBAL_ACCENT_COLOR_NAME = AccentColor;
				CODE_SIGN_STYLE = Automatic;
				DEVELOPMENT_ASSET_PATHS = "\"NaZdrowie/Preview Content\"";
				ENABLE_PREVIEWS = YES;
				INFOPLIST_FILE = NaZdrowie/Info.plist;
				IPHONEOS_DEPLOYMENT_TARGET = 14.0;
				LD_RUNPATH_SEARCH_PATHS = (
					"$(inherited)",
					"@executable_path/Frameworks",
				);
				PRODUCT_BUNDLE_IDENTIFIER = JJLM.NaZdrowie;
				PRODUCT_NAME = "$(TARGET_NAME)";
				SWIFT_VERSION = 5.0;
				TARGETED_DEVICE_FAMILY = "1,2";
			};
			name = Debug;
		};
		05012155265F37FE00B3B8F8 /* Release */ = {
			isa = XCBuildConfiguration;
			buildSettings = {
				ASSETCATALOG_COMPILER_APPICON_NAME = AppIcon;
				ASSETCATALOG_COMPILER_GLOBAL_ACCENT_COLOR_NAME = AccentColor;
				CODE_SIGN_STYLE = Automatic;
				DEVELOPMENT_ASSET_PATHS = "\"NaZdrowie/Preview Content\"";
				ENABLE_PREVIEWS = YES;
				INFOPLIST_FILE = NaZdrowie/Info.plist;
				IPHONEOS_DEPLOYMENT_TARGET = 14.0;
				LD_RUNPATH_SEARCH_PATHS = (
					"$(inherited)",
					"@executable_path/Frameworks",
				);
				PRODUCT_BUNDLE_IDENTIFIER = JJLM.NaZdrowie;
				PRODUCT_NAME = "$(TARGET_NAME)";
				SWIFT_VERSION = 5.0;
				TARGETED_DEVICE_FAMILY = "1,2";
			};
			name = Release;
		};
		05012157265F37FE00B3B8F8 /* Debug */ = {
			isa = XCBuildConfiguration;
			buildSettings = {
				ALWAYS_EMBED_SWIFT_STANDARD_LIBRARIES = YES;
				BUNDLE_LOADER = "$(TEST_HOST)";
				CODE_SIGN_STYLE = Automatic;
				INFOPLIST_FILE = NaZdrowieTests/Info.plist;
				IPHONEOS_DEPLOYMENT_TARGET = 14.0;
				LD_RUNPATH_SEARCH_PATHS = (
					"$(inherited)",
					"@executable_path/Frameworks",
					"@loader_path/Frameworks",
				);
				PRODUCT_BUNDLE_IDENTIFIER = JJLM.NaZdrowieTests;
				PRODUCT_NAME = "$(TARGET_NAME)";
				SWIFT_VERSION = 5.0;
				TARGETED_DEVICE_FAMILY = "1,2";
				TEST_HOST = "$(BUILT_PRODUCTS_DIR)/NaZdrowie.app/NaZdrowie";
			};
			name = Debug;
		};
		05012158265F37FE00B3B8F8 /* Release */ = {
			isa = XCBuildConfiguration;
			buildSettings = {
				ALWAYS_EMBED_SWIFT_STANDARD_LIBRARIES = YES;
				BUNDLE_LOADER = "$(TEST_HOST)";
				CODE_SIGN_STYLE = Automatic;
				INFOPLIST_FILE = NaZdrowieTests/Info.plist;
				IPHONEOS_DEPLOYMENT_TARGET = 14.0;
				LD_RUNPATH_SEARCH_PATHS = (
					"$(inherited)",
					"@executable_path/Frameworks",
					"@loader_path/Frameworks",
				);
				PRODUCT_BUNDLE_IDENTIFIER = JJLM.NaZdrowieTests;
				PRODUCT_NAME = "$(TARGET_NAME)";
				SWIFT_VERSION = 5.0;
				TARGETED_DEVICE_FAMILY = "1,2";
				TEST_HOST = "$(BUILT_PRODUCTS_DIR)/NaZdrowie.app/NaZdrowie";
			};
			name = Release;
		};
		0501215A265F37FE00B3B8F8 /* Debug */ = {
			isa = XCBuildConfiguration;
			buildSettings = {
				ALWAYS_EMBED_SWIFT_STANDARD_LIBRARIES = YES;
				CODE_SIGN_STYLE = Automatic;
				INFOPLIST_FILE = NaZdrowieUITests/Info.plist;
				LD_RUNPATH_SEARCH_PATHS = (
					"$(inherited)",
					"@executable_path/Frameworks",
					"@loader_path/Frameworks",
				);
				PRODUCT_BUNDLE_IDENTIFIER = JJLM.NaZdrowieUITests;
				PRODUCT_NAME = "$(TARGET_NAME)";
				SWIFT_VERSION = 5.0;
				TARGETED_DEVICE_FAMILY = "1,2";
				TEST_TARGET_NAME = NaZdrowie;
			};
			name = Debug;
		};
		0501215B265F37FE00B3B8F8 /* Release */ = {
			isa = XCBuildConfiguration;
			buildSettings = {
				ALWAYS_EMBED_SWIFT_STANDARD_LIBRARIES = YES;
				CODE_SIGN_STYLE = Automatic;
				INFOPLIST_FILE = NaZdrowieUITests/Info.plist;
				LD_RUNPATH_SEARCH_PATHS = (
					"$(inherited)",
					"@executable_path/Frameworks",
					"@loader_path/Frameworks",
				);
				PRODUCT_BUNDLE_IDENTIFIER = JJLM.NaZdrowieUITests;
				PRODUCT_NAME = "$(TARGET_NAME)";
				SWIFT_VERSION = 5.0;
				TARGETED_DEVICE_FAMILY = "1,2";
				TEST_TARGET_NAME = NaZdrowie;
			};
			name = Release;
		};
/* End XCBuildConfiguration section */

/* Begin XCConfigurationList section */
		05012129265F37FC00B3B8F8 /* Build configuration list for PBXProject "NaZdrowie" */ = {
			isa = XCConfigurationList;
			buildConfigurations = (
				05012151265F37FE00B3B8F8 /* Debug */,
				05012152265F37FE00B3B8F8 /* Release */,
			);
			defaultConfigurationIsVisible = 0;
			defaultConfigurationName = Release;
		};
		05012153265F37FE00B3B8F8 /* Build configuration list for PBXNativeTarget "NaZdrowie" */ = {
			isa = XCConfigurationList;
			buildConfigurations = (
				05012154265F37FE00B3B8F8 /* Debug */,
				05012155265F37FE00B3B8F8 /* Release */,
			);
			defaultConfigurationIsVisible = 0;
			defaultConfigurationName = Release;
		};
		05012156265F37FE00B3B8F8 /* Build configuration list for PBXNativeTarget "NaZdrowieTests" */ = {
			isa = XCConfigurationList;
			buildConfigurations = (
				05012157265F37FE00B3B8F8 /* Debug */,
				05012158265F37FE00B3B8F8 /* Release */,
			);
			defaultConfigurationIsVisible = 0;
			defaultConfigurationName = Release;
		};
		05012159265F37FE00B3B8F8 /* Build configuration list for PBXNativeTarget "NaZdrowieUITests" */ = {
			isa = XCConfigurationList;
			buildConfigurations = (
				0501215A265F37FE00B3B8F8 /* Debug */,
				0501215B265F37FE00B3B8F8 /* Release */,
			);
			defaultConfigurationIsVisible = 0;
			defaultConfigurationName = Release;
		};
/* End XCConfigurationList section */
	};
	rootObject = 05012126265F37FC00B3B8F8 /* Project object */;
}
