// !$*UTF8*$!
{
	archiveVersion = 1;
	classes = {
	};
	objectVersion = 50;
	objects = {

/* Begin PBXBuildFile section */
		05DA24D326675246006608B1 /* GameSelect.swift in Sources */ = {isa = PBXBuildFile; fileRef = 05DA24CE26675245006608B1 /* GameSelect.swift */; };
		05DA24D426675246006608B1 /* Card.swift in Sources */ = {isa = PBXBuildFile; fileRef = 05DA24CF26675245006608B1 /* Card.swift */; };
		05DA24D526675246006608B1 /* ContentView.swift in Sources */ = {isa = PBXBuildFile; fileRef = 05DA24D026675245006608B1 /* ContentView.swift */; };
		05DA24D626675246006608B1 /* GameView.swift in Sources */ = {isa = PBXBuildFile; fileRef = 05DA24D126675246006608B1 /* GameView.swift */; };
		05DA24D726675246006608B1 /* CardView.swift in Sources */ = {isa = PBXBuildFile; fileRef = 05DA24D226675246006608B1 /* CardView.swift */; };
		05DA24DB26675250006608B1 /* RulesList.swift in Sources */ = {isa = PBXBuildFile; fileRef = 05DA24D826675250006608B1 /* RulesList.swift */; };
		05DA24DC26675250006608B1 /* Rules.swift in Sources */ = {isa = PBXBuildFile; fileRef = 05DA24D926675250006608B1 /* Rules.swift */; };
		05DA24DD26675250006608B1 /* RulesView.swift in Sources */ = {isa = PBXBuildFile; fileRef = 05DA24DA26675250006608B1 /* RulesView.swift */; };
		BD972B31264939E700E8C851 /* AppDelegate.swift in Sources */ = {isa = PBXBuildFile; fileRef = BD972B30264939E700E8C851 /* AppDelegate.swift */; };
		BD972B33264939E700E8C851 /* SceneDelegate.swift in Sources */ = {isa = PBXBuildFile; fileRef = BD972B32264939E700E8C851 /* SceneDelegate.swift */; };
		BD972B35264939E700E8C851 /* ViewController.swift in Sources */ = {isa = PBXBuildFile; fileRef = BD972B34264939E700E8C851 /* ViewController.swift */; };
		BD972B38264939E700E8C851 /* Main.storyboard in Resources */ = {isa = PBXBuildFile; fileRef = BD972B36264939E700E8C851 /* Main.storyboard */; };
		BD972B3A264939EA00E8C851 /* Assets.xcassets in Resources */ = {isa = PBXBuildFile; fileRef = BD972B39264939EA00E8C851 /* Assets.xcassets */; };
		BD972B3D264939EA00E8C851 /* LaunchScreen.storyboard in Resources */ = {isa = PBXBuildFile; fileRef = BD972B3B264939EA00E8C851 /* LaunchScreen.storyboard */; };
		BD972B48264939EA00E8C851 /* DrinkingAppTests.swift in Sources */ = {isa = PBXBuildFile; fileRef = BD972B47264939EA00E8C851 /* DrinkingAppTests.swift */; };
		BD972B53264939EA00E8C851 /* DrinkingAppUITests.swift in Sources */ = {isa = PBXBuildFile; fileRef = BD972B52264939EA00E8C851 /* DrinkingAppUITests.swift */; };
		BD972B6426493A7100E8C851 /* SignUpViewController.swift in Sources */ = {isa = PBXBuildFile; fileRef = BD972B6326493A7100E8C851 /* SignUpViewController.swift */; };
		BD972B6626493A8300E8C851 /* LoginViewController.swift in Sources */ = {isa = PBXBuildFile; fileRef = BD972B6526493A8300E8C851 /* LoginViewController.swift */; };
/* End PBXBuildFile section */

/* Begin PBXContainerItemProxy section */
		BD972B44264939EA00E8C851 /* PBXContainerItemProxy */ = {
			isa = PBXContainerItemProxy;
			containerPortal = BD972B25264939E700E8C851 /* Project object */;
			proxyType = 1;
			remoteGlobalIDString = BD972B2C264939E700E8C851;
			remoteInfo = DrinkingApp;
		};
		BD972B4F264939EA00E8C851 /* PBXContainerItemProxy */ = {
			isa = PBXContainerItemProxy;
			containerPortal = BD972B25264939E700E8C851 /* Project object */;
			proxyType = 1;
			remoteGlobalIDString = BD972B2C264939E700E8C851;
			remoteInfo = DrinkingApp;
		};
/* End PBXContainerItemProxy section */

/* Begin PBXFileReference section */
		05DA24CE26675245006608B1 /* GameSelect.swift */ = {isa = PBXFileReference; fileEncoding = 4; lastKnownFileType = sourcecode.swift; path = GameSelect.swift; sourceTree = "<group>"; };
		05DA24CF26675245006608B1 /* Card.swift */ = {isa = PBXFileReference; fileEncoding = 4; lastKnownFileType = sourcecode.swift; path = Card.swift; sourceTree = "<group>"; };
		05DA24D026675245006608B1 /* ContentView.swift */ = {isa = PBXFileReference; fileEncoding = 4; lastKnownFileType = sourcecode.swift; path = ContentView.swift; sourceTree = "<group>"; };
		05DA24D126675246006608B1 /* GameView.swift */ = {isa = PBXFileReference; fileEncoding = 4; lastKnownFileType = sourcecode.swift; path = GameView.swift; sourceTree = "<group>"; };
		05DA24D226675246006608B1 /* CardView.swift */ = {isa = PBXFileReference; fileEncoding = 4; lastKnownFileType = sourcecode.swift; path = CardView.swift; sourceTree = "<group>"; };
		05DA24D826675250006608B1 /* RulesList.swift */ = {isa = PBXFileReference; fileEncoding = 4; lastKnownFileType = sourcecode.swift; path = RulesList.swift; sourceTree = "<group>"; };
		05DA24D926675250006608B1 /* Rules.swift */ = {isa = PBXFileReference; fileEncoding = 4; lastKnownFileType = sourcecode.swift; path = Rules.swift; sourceTree = "<group>"; };
		05DA24DA26675250006608B1 /* RulesView.swift */ = {isa = PBXFileReference; fileEncoding = 4; lastKnownFileType = sourcecode.swift; path = RulesView.swift; sourceTree = "<group>"; };
		BD972B2D264939E700E8C851 /* DrinkingApp.app */ = {isa = PBXFileReference; explicitFileType = wrapper.application; includeInIndex = 0; path = DrinkingApp.app; sourceTree = BUILT_PRODUCTS_DIR; };
		BD972B30264939E700E8C851 /* AppDelegate.swift */ = {isa = PBXFileReference; lastKnownFileType = sourcecode.swift; path = AppDelegate.swift; sourceTree = "<group>"; };
		BD972B32264939E700E8C851 /* SceneDelegate.swift */ = {isa = PBXFileReference; lastKnownFileType = sourcecode.swift; path = SceneDelegate.swift; sourceTree = "<group>"; };
		BD972B34264939E700E8C851 /* ViewController.swift */ = {isa = PBXFileReference; lastKnownFileType = sourcecode.swift; path = ViewController.swift; sourceTree = "<group>"; };
		BD972B37264939E700E8C851 /* Base */ = {isa = PBXFileReference; lastKnownFileType = file.storyboard; name = Base; path = Base.lproj/Main.storyboard; sourceTree = "<group>"; };
		BD972B39264939EA00E8C851 /* Assets.xcassets */ = {isa = PBXFileReference; lastKnownFileType = folder.assetcatalog; path = Assets.xcassets; sourceTree = "<group>"; };
		BD972B3C264939EA00E8C851 /* Base */ = {isa = PBXFileReference; lastKnownFileType = file.storyboard; name = Base; path = Base.lproj/LaunchScreen.storyboard; sourceTree = "<group>"; };
		BD972B3E264939EA00E8C851 /* Info.plist */ = {isa = PBXFileReference; lastKnownFileType = text.plist.xml; path = Info.plist; sourceTree = "<group>"; };
		BD972B43264939EA00E8C851 /* DrinkingAppTests.xctest */ = {isa = PBXFileReference; explicitFileType = wrapper.cfbundle; includeInIndex = 0; path = DrinkingAppTests.xctest; sourceTree = BUILT_PRODUCTS_DIR; };
		BD972B47264939EA00E8C851 /* DrinkingAppTests.swift */ = {isa = PBXFileReference; lastKnownFileType = sourcecode.swift; path = DrinkingAppTests.swift; sourceTree = "<group>"; };
		BD972B49264939EA00E8C851 /* Info.plist */ = {isa = PBXFileReference; lastKnownFileType = text.plist.xml; path = Info.plist; sourceTree = "<group>"; };
		BD972B4E264939EA00E8C851 /* DrinkingAppUITests.xctest */ = {isa = PBXFileReference; explicitFileType = wrapper.cfbundle; includeInIndex = 0; path = DrinkingAppUITests.xctest; sourceTree = BUILT_PRODUCTS_DIR; };
		BD972B52264939EA00E8C851 /* DrinkingAppUITests.swift */ = {isa = PBXFileReference; lastKnownFileType = sourcecode.swift; path = DrinkingAppUITests.swift; sourceTree = "<group>"; };
		BD972B54264939EA00E8C851 /* Info.plist */ = {isa = PBXFileReference; lastKnownFileType = text.plist.xml; path = Info.plist; sourceTree = "<group>"; };
		BD972B6326493A7100E8C851 /* SignUpViewController.swift */ = {isa = PBXFileReference; lastKnownFileType = sourcecode.swift; path = SignUpViewController.swift; sourceTree = "<group>"; };
		BD972B6526493A8300E8C851 /* LoginViewController.swift */ = {isa = PBXFileReference; lastKnownFileType = sourcecode.swift; path = LoginViewController.swift; sourceTree = "<group>"; };
/* End PBXFileReference section */

/* Begin PBXFrameworksBuildPhase section */
		BD972B2A264939E700E8C851 /* Frameworks */ = {
			isa = PBXFrameworksBuildPhase;
			buildActionMask = 2147483647;
			files = (
			);
			runOnlyForDeploymentPostprocessing = 0;
		};
		BD972B40264939EA00E8C851 /* Frameworks */ = {
			isa = PBXFrameworksBuildPhase;
			buildActionMask = 2147483647;
			files = (
			);
			runOnlyForDeploymentPostprocessing = 0;
		};
		BD972B4B264939EA00E8C851 /* Frameworks */ = {
			isa = PBXFrameworksBuildPhase;
			buildActionMask = 2147483647;
			files = (
			);
			runOnlyForDeploymentPostprocessing = 0;
		};
/* End PBXFrameworksBuildPhase section */

/* Begin PBXGroup section */
		BD972B24264939E700E8C851 = {
			isa = PBXGroup;
			children = (
				BD972B2F264939E700E8C851 /* DrinkingApp */,
				BD972B46264939EA00E8C851 /* DrinkingAppTests */,
				BD972B51264939EA00E8C851 /* DrinkingAppUITests */,
				BD972B2E264939E700E8C851 /* Products */,
			);
			sourceTree = "<group>";
		};
		BD972B2E264939E700E8C851 /* Products */ = {
			isa = PBXGroup;
			children = (
				BD972B2D264939E700E8C851 /* DrinkingApp.app */,
				BD972B43264939EA00E8C851 /* DrinkingAppTests.xctest */,
				BD972B4E264939EA00E8C851 /* DrinkingAppUITests.xctest */,
			);
			name = Products;
			sourceTree = "<group>";
		};
		BD972B2F264939E700E8C851 /* DrinkingApp */ = {
			isa = PBXGroup;
			children = (
				BD972B6226493A3E00E8C851 /* View Controllers */,
				BD972B30264939E700E8C851 /* AppDelegate.swift */,
				BD972B32264939E700E8C851 /* SceneDelegate.swift */,
				BD972B36264939E700E8C851 /* Main.storyboard */,
				BD972B39264939EA00E8C851 /* Assets.xcassets */,
				BD972B3B264939EA00E8C851 /* LaunchScreen.storyboard */,
				BD972B3E264939EA00E8C851 /* Info.plist */,
			);
			path = DrinkingApp;
			sourceTree = "<group>";
		};
		BD972B46264939EA00E8C851 /* DrinkingAppTests */ = {
			isa = PBXGroup;
			children = (
				BD972B47264939EA00E8C851 /* DrinkingAppTests.swift */,
				BD972B49264939EA00E8C851 /* Info.plist */,
			);
			path = DrinkingAppTests;
			sourceTree = "<group>";
		};
		BD972B51264939EA00E8C851 /* DrinkingAppUITests */ = {
			isa = PBXGroup;
			children = (
				BD972B52264939EA00E8C851 /* DrinkingAppUITests.swift */,
				BD972B54264939EA00E8C851 /* Info.plist */,
			);
			path = DrinkingAppUITests;
			sourceTree = "<group>";
		};
		BD972B6226493A3E00E8C851 /* View Controllers */ = {
			isa = PBXGroup;
			children = (
				BD972B6326493A7100E8C851 /* SignUpViewController.swift */,
				BD972B6526493A8300E8C851 /* LoginViewController.swift */,
				BD972B34264939E700E8C851 /* ViewController.swift */,
				05DA24CF26675245006608B1 /* Card.swift */,
				05DA24D226675246006608B1 /* CardView.swift */,
				05DA24D926675250006608B1 /* Rules.swift */,
				05DA24D826675250006608B1 /* RulesList.swift */,
				05DA24DA26675250006608B1 /* RulesView.swift */,
				05DA24D026675245006608B1 /* ContentView.swift */,
				05DA24CE26675245006608B1 /* GameSelect.swift */,
				05DA24D126675246006608B1 /* GameView.swift */,
			);
			path = "View Controllers";
			sourceTree = "<group>";
		};
/* End PBXGroup section */

/* Begin PBXNativeTarget section */
		BD972B2C264939E700E8C851 /* DrinkingApp */ = {
			isa = PBXNativeTarget;
			buildConfigurationList = BD972B57264939EB00E8C851 /* Build configuration list for PBXNativeTarget "DrinkingApp" */;
			buildPhases = (
				BD972B29264939E700E8C851 /* Sources */,
				BD972B2A264939E700E8C851 /* Frameworks */,
				BD972B2B264939E700E8C851 /* Resources */,
			);
			buildRules = (
			);
			dependencies = (
			);
			name = DrinkingApp;
			productName = DrinkingApp;
			productReference = BD972B2D264939E700E8C851 /* DrinkingApp.app */;
			productType = "com.apple.product-type.application";
		};
		BD972B42264939EA00E8C851 /* DrinkingAppTests */ = {
			isa = PBXNativeTarget;
			buildConfigurationList = BD972B5A264939EB00E8C851 /* Build configuration list for PBXNativeTarget "DrinkingAppTests" */;
			buildPhases = (
				BD972B3F264939EA00E8C851 /* Sources */,
				BD972B40264939EA00E8C851 /* Frameworks */,
				BD972B41264939EA00E8C851 /* Resources */,
			);
			buildRules = (
			);
			dependencies = (
				BD972B45264939EA00E8C851 /* PBXTargetDependency */,
			);
			name = DrinkingAppTests;
			productName = DrinkingAppTests;
			productReference = BD972B43264939EA00E8C851 /* DrinkingAppTests.xctest */;
			productType = "com.apple.product-type.bundle.unit-test";
		};
		BD972B4D264939EA00E8C851 /* DrinkingAppUITests */ = {
			isa = PBXNativeTarget;
			buildConfigurationList = BD972B5D264939EB00E8C851 /* Build configuration list for PBXNativeTarget "DrinkingAppUITests" */;
			buildPhases = (
				BD972B4A264939EA00E8C851 /* Sources */,
				BD972B4B264939EA00E8C851 /* Frameworks */,
				BD972B4C264939EA00E8C851 /* Resources */,
			);
			buildRules = (
			);
			dependencies = (
				BD972B50264939EA00E8C851 /* PBXTargetDependency */,
			);
			name = DrinkingAppUITests;
			productName = DrinkingAppUITests;
			productReference = BD972B4E264939EA00E8C851 /* DrinkingAppUITests.xctest */;
			productType = "com.apple.product-type.bundle.ui-testing";
		};
/* End PBXNativeTarget section */

/* Begin PBXProject section */
		BD972B25264939E700E8C851 /* Project object */ = {
			isa = PBXProject;
			attributes = {
				LastSwiftUpdateCheck = 1130;
				LastUpgradeCheck = 1130;
				ORGANIZATIONNAME = "Mohammed El Saka";
				TargetAttributes = {
					BD972B2C264939E700E8C851 = {
						CreatedOnToolsVersion = 11.3.1;
					};
					BD972B42264939EA00E8C851 = {
						CreatedOnToolsVersion = 11.3.1;
						TestTargetID = BD972B2C264939E700E8C851;
					};
					BD972B4D264939EA00E8C851 = {
						CreatedOnToolsVersion = 11.3.1;
						TestTargetID = BD972B2C264939E700E8C851;
					};
				};
			};
			buildConfigurationList = BD972B28264939E700E8C851 /* Build configuration list for PBXProject "DrinkingApp" */;
			compatibilityVersion = "Xcode 9.3";
			developmentRegion = en;
			hasScannedForEncodings = 0;
			knownRegions = (
				en,
				Base,
			);
			mainGroup = BD972B24264939E700E8C851;
			productRefGroup = BD972B2E264939E700E8C851 /* Products */;
			projectDirPath = "";
			projectRoot = "";
			targets = (
				BD972B2C264939E700E8C851 /* DrinkingApp */,
				BD972B42264939EA00E8C851 /* DrinkingAppTests */,
				BD972B4D264939EA00E8C851 /* DrinkingAppUITests */,
			);
		};
/* End PBXProject section */

/* Begin PBXResourcesBuildPhase section */
		BD972B2B264939E700E8C851 /* Resources */ = {
			isa = PBXResourcesBuildPhase;
			buildActionMask = 2147483647;
			files = (
				BD972B3D264939EA00E8C851 /* LaunchScreen.storyboard in Resources */,
				BD972B3A264939EA00E8C851 /* Assets.xcassets in Resources */,
				BD972B38264939E700E8C851 /* Main.storyboard in Resources */,
			);
			runOnlyForDeploymentPostprocessing = 0;
		};
		BD972B41264939EA00E8C851 /* Resources */ = {
			isa = PBXResourcesBuildPhase;
			buildActionMask = 2147483647;
			files = (
			);
			runOnlyForDeploymentPostprocessing = 0;
		};
		BD972B4C264939EA00E8C851 /* Resources */ = {
			isa = PBXResourcesBuildPhase;
			buildActionMask = 2147483647;
			files = (
			);
			runOnlyForDeploymentPostprocessing = 0;
		};
/* End PBXResourcesBuildPhase section */

/* Begin PBXSourcesBuildPhase section */
		BD972B29264939E700E8C851 /* Sources */ = {
			isa = PBXSourcesBuildPhase;
			buildActionMask = 2147483647;
			files = (
				05DA24DD26675250006608B1 /* RulesView.swift in Sources */,
				BD972B35264939E700E8C851 /* ViewController.swift in Sources */,
				BD972B31264939E700E8C851 /* AppDelegate.swift in Sources */,
				05DA24DC26675250006608B1 /* Rules.swift in Sources */,
				BD972B6426493A7100E8C851 /* SignUpViewController.swift in Sources */,
				BD972B6626493A8300E8C851 /* LoginViewController.swift in Sources */,
				05DA24D626675246006608B1 /* GameView.swift in Sources */,
				05DA24DB26675250006608B1 /* RulesList.swift in Sources */,
				05DA24D326675246006608B1 /* GameSelect.swift in Sources */,
				05DA24D526675246006608B1 /* ContentView.swift in Sources */,
				BD972B33264939E700E8C851 /* SceneDelegate.swift in Sources */,
				05DA24D726675246006608B1 /* CardView.swift in Sources */,
				05DA24D426675246006608B1 /* Card.swift in Sources */,
			);
			runOnlyForDeploymentPostprocessing = 0;
		};
		BD972B3F264939EA00E8C851 /* Sources */ = {
			isa = PBXSourcesBuildPhase;
			buildActionMask = 2147483647;
			files = (
				BD972B48264939EA00E8C851 /* DrinkingAppTests.swift in Sources */,
			);
			runOnlyForDeploymentPostprocessing = 0;
		};
		BD972B4A264939EA00E8C851 /* Sources */ = {
			isa = PBXSourcesBuildPhase;
			buildActionMask = 2147483647;
			files = (
				BD972B53264939EA00E8C851 /* DrinkingAppUITests.swift in Sources */,
			);
			runOnlyForDeploymentPostprocessing = 0;
		};
/* End PBXSourcesBuildPhase section */

/* Begin PBXTargetDependency section */
		BD972B45264939EA00E8C851 /* PBXTargetDependency */ = {
			isa = PBXTargetDependency;
			target = BD972B2C264939E700E8C851 /* DrinkingApp */;
			targetProxy = BD972B44264939EA00E8C851 /* PBXContainerItemProxy */;
		};
		BD972B50264939EA00E8C851 /* PBXTargetDependency */ = {
			isa = PBXTargetDependency;
			target = BD972B2C264939E700E8C851 /* DrinkingApp */;
			targetProxy = BD972B4F264939EA00E8C851 /* PBXContainerItemProxy */;
		};
/* End PBXTargetDependency section */

/* Begin PBXVariantGroup section */
		BD972B36264939E700E8C851 /* Main.storyboard */ = {
			isa = PBXVariantGroup;
			children = (
				BD972B37264939E700E8C851 /* Base */,
			);
			name = Main.storyboard;
			sourceTree = "<group>";
		};
		BD972B3B264939EA00E8C851 /* LaunchScreen.storyboard */ = {
			isa = PBXVariantGroup;
			children = (
				BD972B3C264939EA00E8C851 /* Base */,
			);
			name = LaunchScreen.storyboard;
			sourceTree = "<group>";
		};
/* End PBXVariantGroup section */

/* Begin XCBuildConfiguration section */
		BD972B55264939EB00E8C851 /* Debug */ = {
			isa = XCBuildConfiguration;
			buildSettings = {
				ALWAYS_SEARCH_USER_PATHS = NO;
				CLANG_ANALYZER_NONNULL = YES;
				CLANG_ANALYZER_NUMBER_OBJECT_CONVERSION = YES_AGGRESSIVE;
				CLANG_CXX_LANGUAGE_STANDARD = "gnu++14";
				CLANG_CXX_LIBRARY = "libc++";
				CLANG_ENABLE_MODULES = YES;
				CLANG_ENABLE_OBJC_ARC = YES;
				CLANG_ENABLE_OBJC_WEAK = YES;
				CLANG_WARN_BLOCK_CAPTURE_AUTORELEASING = YES;
				CLANG_WARN_BOOL_CONVERSION = YES;
				CLANG_WARN_COMMA = YES;
				CLANG_WARN_CONSTANT_CONVERSION = YES;
				CLANG_WARN_DEPRECATED_OBJC_IMPLEMENTATIONS = YES;
				CLANG_WARN_DIRECT_OBJC_ISA_USAGE = YES_ERROR;
				CLANG_WARN_DOCUMENTATION_COMMENTS = YES;
				CLANG_WARN_EMPTY_BODY = YES;
				CLANG_WARN_ENUM_CONVERSION = YES;
				CLANG_WARN_INFINITE_RECURSION = YES;
				CLANG_WARN_INT_CONVERSION = YES;
				CLANG_WARN_NON_LITERAL_NULL_CONVERSION = YES;
				CLANG_WARN_OBJC_IMPLICIT_RETAIN_SELF = YES;
				CLANG_WARN_OBJC_LITERAL_CONVERSION = YES;
				CLANG_WARN_OBJC_ROOT_CLASS = YES_ERROR;
				CLANG_WARN_RANGE_LOOP_ANALYSIS = YES;
				CLANG_WARN_STRICT_PROTOTYPES = YES;
				CLANG_WARN_SUSPICIOUS_MOVE = YES;
				CLANG_WARN_UNGUARDED_AVAILABILITY = YES_AGGRESSIVE;
				CLANG_WARN_UNREACHABLE_CODE = YES;
				CLANG_WARN__DUPLICATE_METHOD_MATCH = YES;
				COPY_PHASE_STRIP = NO;
				DEBUG_INFORMATION_FORMAT = dwarf;
				ENABLE_STRICT_OBJC_MSGSEND = YES;
				ENABLE_TESTABILITY = YES;
				GCC_C_LANGUAGE_STANDARD = gnu11;
				GCC_DYNAMIC_NO_PIC = NO;
				GCC_NO_COMMON_BLOCKS = YES;
				GCC_OPTIMIZATION_LEVEL = 0;
				GCC_PREPROCESSOR_DEFINITIONS = (
					"DEBUG=1",
					"$(inherited)",
				);
				GCC_WARN_64_TO_32_BIT_CONVERSION = YES;
				GCC_WARN_ABOUT_RETURN_TYPE = YES_ERROR;
				GCC_WARN_UNDECLARED_SELECTOR = YES;
				GCC_WARN_UNINITIALIZED_AUTOS = YES_AGGRESSIVE;
				GCC_WARN_UNUSED_FUNCTION = YES;
				GCC_WARN_UNUSED_VARIABLE = YES;
				IPHONEOS_DEPLOYMENT_TARGET = 13.2;
				MTL_ENABLE_DEBUG_INFO = INCLUDE_SOURCE;
				MTL_FAST_MATH = YES;
				ONLY_ACTIVE_ARCH = YES;
				SDKROOT = iphoneos;
				SWIFT_ACTIVE_COMPILATION_CONDITIONS = DEBUG;
				SWIFT_OPTIMIZATION_LEVEL = "-Onone";
			};
			name = Debug;
		};
		BD972B56264939EB00E8C851 /* Release */ = {
			isa = XCBuildConfiguration;
			buildSettings = {
				ALWAYS_SEARCH_USER_PATHS = NO;
				CLANG_ANALYZER_NONNULL = YES;
				CLANG_ANALYZER_NUMBER_OBJECT_CONVERSION = YES_AGGRESSIVE;
				CLANG_CXX_LANGUAGE_STANDARD = "gnu++14";
				CLANG_CXX_LIBRARY = "libc++";
				CLANG_ENABLE_MODULES = YES;
				CLANG_ENABLE_OBJC_ARC = YES;
				CLANG_ENABLE_OBJC_WEAK = YES;
				CLANG_WARN_BLOCK_CAPTURE_AUTORELEASING = YES;
				CLANG_WARN_BOOL_CONVERSION = YES;
				CLANG_WARN_COMMA = YES;
				CLANG_WARN_CONSTANT_CONVERSION = YES;
				CLANG_WARN_DEPRECATED_OBJC_IMPLEMENTATIONS = YES;
				CLANG_WARN_DIRECT_OBJC_ISA_USAGE = YES_ERROR;
				CLANG_WARN_DOCUMENTATION_COMMENTS = YES;
				CLANG_WARN_EMPTY_BODY = YES;
				CLANG_WARN_ENUM_CONVERSION = YES;
				CLANG_WARN_INFINITE_RECURSION = YES;
				CLANG_WARN_INT_CONVERSION = YES;
				CLANG_WARN_NON_LITERAL_NULL_CONVERSION = YES;
				CLANG_WARN_OBJC_IMPLICIT_RETAIN_SELF = YES;
				CLANG_WARN_OBJC_LITERAL_CONVERSION = YES;
				CLANG_WARN_OBJC_ROOT_CLASS = YES_ERROR;
				CLANG_WARN_RANGE_LOOP_ANALYSIS = YES;
				CLANG_WARN_STRICT_PROTOTYPES = YES;
				CLANG_WARN_SUSPICIOUS_MOVE = YES;
				CLANG_WARN_UNGUARDED_AVAILABILITY = YES_AGGRESSIVE;
				CLANG_WARN_UNREACHABLE_CODE = YES;
				CLANG_WARN__DUPLICATE_METHOD_MATCH = YES;
				COPY_PHASE_STRIP = NO;
				DEBUG_INFORMATION_FORMAT = "dwarf-with-dsym";
				ENABLE_NS_ASSERTIONS = NO;
				ENABLE_STRICT_OBJC_MSGSEND = YES;
				GCC_C_LANGUAGE_STANDARD = gnu11;
				GCC_NO_COMMON_BLOCKS = YES;
				GCC_WARN_64_TO_32_BIT_CONVERSION = YES;
				GCC_WARN_ABOUT_RETURN_TYPE = YES_ERROR;
				GCC_WARN_UNDECLARED_SELECTOR = YES;
				GCC_WARN_UNINITIALIZED_AUTOS = YES_AGGRESSIVE;
				GCC_WARN_UNUSED_FUNCTION = YES;
				GCC_WARN_UNUSED_VARIABLE = YES;
				IPHONEOS_DEPLOYMENT_TARGET = 13.2;
				MTL_ENABLE_DEBUG_INFO = NO;
				MTL_FAST_MATH = YES;
				SDKROOT = iphoneos;
				SWIFT_COMPILATION_MODE = wholemodule;
				SWIFT_OPTIMIZATION_LEVEL = "-O";
				VALIDATE_PRODUCT = YES;
			};
			name = Release;
		};
		BD972B58264939EB00E8C851 /* Debug */ = {
			isa = XCBuildConfiguration;
			buildSettings = {
				ASSETCATALOG_COMPILER_APPICON_NAME = AppIcon;
				CODE_SIGN_STYLE = Automatic;
				INFOPLIST_FILE = DrinkingApp/Info.plist;
				IPHONEOS_DEPLOYMENT_TARGET = 14.1;
				LD_RUNPATH_SEARCH_PATHS = (
					"$(inherited)",
					"@executable_path/Frameworks",
				);
				PRODUCT_BUNDLE_IDENTIFIER = "Mohammed-El-saka.DrinkingApp";
				PRODUCT_NAME = "$(TARGET_NAME)";
				SWIFT_VERSION = 5.0;
				TARGETED_DEVICE_FAMILY = "1,2";
			};
			name = Debug;
		};
		BD972B59264939EB00E8C851 /* Release */ = {
			isa = XCBuildConfiguration;
			buildSettings = {
				ASSETCATALOG_COMPILER_APPICON_NAME = AppIcon;
				CODE_SIGN_STYLE = Automatic;
				INFOPLIST_FILE = DrinkingApp/Info.plist;
				IPHONEOS_DEPLOYMENT_TARGET = 14.1;
				LD_RUNPATH_SEARCH_PATHS = (
					"$(inherited)",
					"@executable_path/Frameworks",
				);
				PRODUCT_BUNDLE_IDENTIFIER = "Mohammed-El-saka.DrinkingApp";
				PRODUCT_NAME = "$(TARGET_NAME)";
				SWIFT_VERSION = 5.0;
				TARGETED_DEVICE_FAMILY = "1,2";
			};
			name = Release;
		};
		BD972B5B264939EB00E8C851 /* Debug */ = {
			isa = XCBuildConfiguration;
			buildSettings = {
				ALWAYS_EMBED_SWIFT_STANDARD_LIBRARIES = YES;
				BUNDLE_LOADER = "$(TEST_HOST)";
				CODE_SIGN_STYLE = Automatic;
				INFOPLIST_FILE = DrinkingAppTests/Info.plist;
				IPHONEOS_DEPLOYMENT_TARGET = 13.2;
				LD_RUNPATH_SEARCH_PATHS = (
					"$(inherited)",
					"@executable_path/Frameworks",
					"@loader_path/Frameworks",
				);
				PRODUCT_BUNDLE_IDENTIFIER = "Mohammed-El-saka.DrinkingAppTests";
				PRODUCT_NAME = "$(TARGET_NAME)";
				SWIFT_VERSION = 5.0;
				TARGETED_DEVICE_FAMILY = "1,2";
				TEST_HOST = "$(BUILT_PRODUCTS_DIR)/DrinkingApp.app/DrinkingApp";
			};
			name = Debug;
		};
		BD972B5C264939EB00E8C851 /* Release */ = {
			isa = XCBuildConfiguration;
			buildSettings = {
				ALWAYS_EMBED_SWIFT_STANDARD_LIBRARIES = YES;
				BUNDLE_LOADER = "$(TEST_HOST)";
				CODE_SIGN_STYLE = Automatic;
				INFOPLIST_FILE = DrinkingAppTests/Info.plist;
				IPHONEOS_DEPLOYMENT_TARGET = 13.2;
				LD_RUNPATH_SEARCH_PATHS = (
					"$(inherited)",
					"@executable_path/Frameworks",
					"@loader_path/Frameworks",
				);
				PRODUCT_BUNDLE_IDENTIFIER = "Mohammed-El-saka.DrinkingAppTests";
				PRODUCT_NAME = "$(TARGET_NAME)";
				SWIFT_VERSION = 5.0;
				TARGETED_DEVICE_FAMILY = "1,2";
				TEST_HOST = "$(BUILT_PRODUCTS_DIR)/DrinkingApp.app/DrinkingApp";
			};
			name = Release;
		};
		BD972B5E264939EB00E8C851 /* Debug */ = {
			isa = XCBuildConfiguration;
			buildSettings = {
				ALWAYS_EMBED_SWIFT_STANDARD_LIBRARIES = YES;
				CODE_SIGN_STYLE = Automatic;
				INFOPLIST_FILE = DrinkingAppUITests/Info.plist;
				LD_RUNPATH_SEARCH_PATHS = (
					"$(inherited)",
					"@executable_path/Frameworks",
					"@loader_path/Frameworks",
				);
				PRODUCT_BUNDLE_IDENTIFIER = "Mohammed-El-saka.DrinkingAppUITests";
				PRODUCT_NAME = "$(TARGET_NAME)";
				SWIFT_VERSION = 5.0;
				TARGETED_DEVICE_FAMILY = "1,2";
				TEST_TARGET_NAME = DrinkingApp;
			};
			name = Debug;
		};
		BD972B5F264939EB00E8C851 /* Release */ = {
			isa = XCBuildConfiguration;
			buildSettings = {
				ALWAYS_EMBED_SWIFT_STANDARD_LIBRARIES = YES;
				CODE_SIGN_STYLE = Automatic;
				INFOPLIST_FILE = DrinkingAppUITests/Info.plist;
				LD_RUNPATH_SEARCH_PATHS = (
					"$(inherited)",
					"@executable_path/Frameworks",
					"@loader_path/Frameworks",
				);
				PRODUCT_BUNDLE_IDENTIFIER = "Mohammed-El-saka.DrinkingAppUITests";
				PRODUCT_NAME = "$(TARGET_NAME)";
				SWIFT_VERSION = 5.0;
				TARGETED_DEVICE_FAMILY = "1,2";
				TEST_TARGET_NAME = DrinkingApp;
			};
			name = Release;
		};
/* End XCBuildConfiguration section */

/* Begin XCConfigurationList section */
		BD972B28264939E700E8C851 /* Build configuration list for PBXProject "DrinkingApp" */ = {
			isa = XCConfigurationList;
			buildConfigurations = (
				BD972B55264939EB00E8C851 /* Debug */,
				BD972B56264939EB00E8C851 /* Release */,
			);
			defaultConfigurationIsVisible = 0;
			defaultConfigurationName = Release;
		};
		BD972B57264939EB00E8C851 /* Build configuration list for PBXNativeTarget "DrinkingApp" */ = {
			isa = XCConfigurationList;
			buildConfigurations = (
				BD972B58264939EB00E8C851 /* Debug */,
				BD972B59264939EB00E8C851 /* Release */,
			);
			defaultConfigurationIsVisible = 0;
			defaultConfigurationName = Release;
		};
		BD972B5A264939EB00E8C851 /* Build configuration list for PBXNativeTarget "DrinkingAppTests" */ = {
			isa = XCConfigurationList;
			buildConfigurations = (
				BD972B5B264939EB00E8C851 /* Debug */,
				BD972B5C264939EB00E8C851 /* Release */,
			);
			defaultConfigurationIsVisible = 0;
			defaultConfigurationName = Release;
		};
		BD972B5D264939EB00E8C851 /* Build configuration list for PBXNativeTarget "DrinkingAppUITests" */ = {
			isa = XCConfigurationList;
			buildConfigurations = (
				BD972B5E264939EB00E8C851 /* Debug */,
				BD972B5F264939EB00E8C851 /* Release */,
			);
			defaultConfigurationIsVisible = 0;
			defaultConfigurationName = Release;
		};
/* End XCConfigurationList section */
	};
	rootObject = BD972B25264939E700E8C851 /* Project object */;
}
